
Microsoft Visual Studio Solution File, Format Version 12.00
# Visual Studio Version 16
VisualStudioVersion = 16.0.30204.135
MinimumVisualStudioVersion = 10.0.40219.1
Project("{FAE04EC0-301F-11D3-BF4B-00C04F79EFBC}") = "Linq_Lambda", "Linq_Lambda\Linq_Lambda.csproj", "{23A7C137-2331-4FAC-AF40-F23417601DBE}"
EndProject
Project("{FAE04EC0-301F-11D3-BF4B-00C04F79EFBC}") = "ApiLinq", "ApiLinq\ApiLinq.csproj", "{B6BF4C88-DE02-4659-84BA-27276FD88DB7}"
EndProject
Global
	GlobalSection(SolutionConfigurationPlatforms) = preSolution
		Debug|Any CPU = Debug|Any CPU
		Release|Any CPU = Release|Any CPU
	EndGlobalSection
	GlobalSection(ProjectConfigurationPlatforms) = postSolution
		{23A7C137-2331-4FAC-AF40-F23417601DBE}.Debug|Any CPU.ActiveCfg = Debug|Any CPU
		{23A7C137-2331-4FAC-AF40-F23417601DBE}.Debug|Any CPU.Build.0 = Debug|Any CPU
		{23A7C137-2331-4FAC-AF40-F23417601DBE}.Release|Any CPU.ActiveCfg = Release|Any CPU
		{23A7C137-2331-4FAC-AF40-F23417601DBE}.Release|Any CPU.Build.0 = Release|Any CPU
		{B6BF4C88-DE02-4659-84BA-27276FD88DB7}.Debug|Any CPU.ActiveCfg = Debug|Any CPU
		{B6BF4C88-DE02-4659-84BA-27276FD88DB7}.Debug|Any CPU.Build.0 = Debug|Any CPU
		{B6BF4C88-DE02-4659-84BA-27276FD88DB7}.Release|Any CPU.ActiveCfg = Release|Any CPU
		{B6BF4C88-DE02-4659-84BA-27276FD88DB7}.Release|Any CPU.Build.0 = Release|Any CPU
	EndGlobalSection
	GlobalSection(SolutionProperties) = preSolution
		HideSolutionNode = FALSE
	EndGlobalSection
	GlobalSection(ExtensibilityGlobals) = postSolution
		SolutionGuid = {B4C7DD82-25F9-4BCB-99DB-F3B58FCDE899}
	EndGlobalSection
EndGlobal
